{
  "version": 4,
  "terraform_version": "1.12.0",
  "serial": 10,
  "lineage": "27201d67-52e6-e1eb-b666-c6131fcee93e",
  "outputs": {
    "vm_public_ip": {
      "value": "20.229.143.90",
      "type": "string"
    }
  },
  "resources": [
    {
      "mode": "managed",
      "type": "azurerm_linux_virtual_machine",
      "name": "main",
      "provider": "provider[\"registry.terraform.io/hashicorp/azurerm\"]",
      "instances": [
        {
          "schema_version": 0,
          "attributes": {
            "additional_capabilities": [],
            "admin_password": null,
            "admin_ssh_key": [
              {
                "public_key": "ssh-rsa AAAAB3NzaC1yc2EAAAADAQABAAACAQC+JhsozJMV4v7v4vhGVnZSVt1P9FZkyYYOGdn9P7OOaZK1SbJwM4FuiqKnt5E/8CPMww3RTXFKOr57Q9eJkWVyh6uFjzsnEVzyz3dnSHlz/lHcIH5n11RvK9zM9on1NtLFH5C0BennF9HHcsM8mbslNVMAXcFXYy+cRVwOMBBQu84Nz+GHWlYIyhYEhQS5Ab9y3T/2gJzZvKMFeOCDD5lA43Y/EqufLn1fh2U7EKmKFVDr2ITK/pVcru68Z+bphzw4WBmqWsUmYqffOH0+PvFgcpimTiQ55jlXzAAh/x78ly25O/60WokrlEimfMUvEw01KN30iYSQdyb8IxZxciNe/nMHl+7AOxYeHv4vuu2epjyCiJsA4rJsFoLx1HSI1AO7SLPNWgLeZxNCP4TTlzGotaOM2VWvGlwdhmMJU36wcaLllZ7sfL0ENzsc47ByorWf02G2xnhRMdrYP0TankuGT5jowf47cfv0JDVIQABVziH8Ls8mymLCV5HW/OucqCo/giTTKHgc7xgngWvr6vlcwwHa7BvSscvedpsy5zjhO/dwVZLPXkiTZUy8IIJeKXPxOFNzO2f6/GYQ9OAzeIlGRiGkchlV33bIFLzz0mzoiwXAkAeh2/eBI8THskdq8qBsCD28mzT5aoqzDGs2lQrXxLE42pwS0z0j+Bumd3D2IQ== hp@LAPTOP-FKAUIOL5\r\n",
                "username": "azureuser"
              }
            ],
            "admin_username": "azureuser",
            "allow_extension_operations": true,
            "availability_set_id": "",
            "boot_diagnostics": [],
            "bypass_platform_safety_checks_on_user_schedule_enabled": false,
            "capacity_reservation_group_id": "",
            "computer_name": "iot-vm",
            "custom_data": null,
            "dedicated_host_group_id": "",
            "dedicated_host_id": "",
            "disable_password_authentication": true,
            "disk_controller_type": "",
            "edge_zone": "",
            "encryption_at_host_enabled": false,
            "eviction_policy": "",
            "extensions_time_budget": "PT1H30M",
            "gallery_application": [],
            "id": "/subscriptions/3fa7fa3e-9ba1-44d0-9963-a1b1d4b21bde/resourceGroups/iot-rg/providers/Microsoft.Compute/virtualMachines/iot-vm",
            "identity": [],
            "license_type": "",
            "location": "westeurope",
            "max_bid_price": -1,
            "name": "iot-vm",
            "network_interface_ids": [
              "/subscriptions/3fa7fa3e-9ba1-44d0-9963-a1b1d4b21bde/resourceGroups/iot-rg/providers/Microsoft.Network/networkInterfaces/iot-nic"
            ],
            "os_disk": [
              {
                "caching": "ReadWrite",
                "diff_disk_settings": [],
                "disk_encryption_set_id": "",
                "disk_size_gb": 30,
                "name": "iot-vm_disk1_7b2ca07936404484bc866af9ddcb1ec6",
                "secure_vm_disk_encryption_set_id": "",
                "security_encryption_type": "",
                "storage_account_type": "Standard_LRS",
                "write_accelerator_enabled": false
              }
            ],
            "os_image_notification": [],
            "patch_assessment_mode": "ImageDefault",
            "patch_mode": "ImageDefault",
            "plan": [],
            "platform_fault_domain": -1,
            "priority": "Regular",
            "private_ip_address": "10.0.1.4",
            "private_ip_addresses": [
              "10.0.1.4"
            ],
            "provision_vm_agent": true,
            "proximity_placement_group_id": "",
            "public_ip_address": "20.229.143.90",
            "public_ip_addresses": [
              "20.229.143.90"
            ],
            "reboot_setting": "",
            "resource_group_name": "iot-rg",
            "secret": [],
            "secure_boot_enabled": false,
            "size": "Standard_B1s",
            "source_image_id": "",
            "source_image_reference": [
              {
                "offer": "0001-com-ubuntu-server-jammy",
                "publisher": "Canonical",
                "sku": "22_04-lts",
                "version": "latest"
              }
            ],
            "tags": {},
            "termination_notification": [],
            "timeouts": null,
            "user_data": "",
            "virtual_machine_id": "913fba75-48cf-4874-8fa9-e1c241ba5f9d",
            "virtual_machine_scale_set_id": "",
            "vm_agent_platform_updates_enabled": false,
            "vtpm_enabled": false,
            "zone": ""
          },
          "sensitive_attributes": [
            [
              {
                "type": "get_attr",
                "value": "admin_password"
              }
            ],
            [
              {
                "type": "get_attr",
                "value": "custom_data"
              }
            ]
          ],
          "identity_schema_version": 0,
          "private": "eyJlMmJmYjczMC1lY2FhLTExZTYtOGY4OC0zNDM2M2JjN2M0YzAiOnsiY3JlYXRlIjoyNzAwMDAwMDAwMDAwLCJkZWxldGUiOjI3MDAwMDAwMDAwMDAsInJlYWQiOjMwMDAwMDAwMDAwMCwidXBkYXRlIjoyNzAwMDAwMDAwMDAwfX0=",
          "dependencies": [
            "azurerm_network_interface.main",
            "azurerm_public_ip.main",
            "azurerm_resource_group.main",
            "azurerm_subnet.main",
            "azurerm_virtual_network.main"
          ]
        }
      ]
    },
    {
      "mode": "managed",
      "type": "azurerm_network_interface",
      "name": "main",
      "provider": "provider[\"registry.terraform.io/hashicorp/azurerm\"]",
      "instances": [
        {
          "schema_version": 0,
          "attributes": {
            "accelerated_networking_enabled": false,
            "applied_dns_servers": [],
            "auxiliary_mode": "",
            "auxiliary_sku": "",
            "dns_servers": [],
            "edge_zone": "",
            "enable_accelerated_networking": false,
            "enable_ip_forwarding": false,
            "id": "/subscriptions/3fa7fa3e-9ba1-44d0-9963-a1b1d4b21bde/resourceGroups/iot-rg/providers/Microsoft.Network/networkInterfaces/iot-nic",
            "internal_dns_name_label": "",
            "internal_domain_name_suffix": "fult4pqxi44erj0brbzcmlvk5g.ax.internal.cloudapp.net",
            "ip_configuration": [
              {
                "gateway_load_balancer_frontend_ip_configuration_id": "",
                "name": "internal",
                "primary": true,
                "private_ip_address": "10.0.1.4",
                "private_ip_address_allocation": "Dynamic",
                "private_ip_address_version": "IPv4",
                "public_ip_address_id": "/subscriptions/3fa7fa3e-9ba1-44d0-9963-a1b1d4b21bde/resourceGroups/iot-rg/providers/Microsoft.Network/publicIPAddresses/iot-public-ip",
                "subnet_id": "/subscriptions/3fa7fa3e-9ba1-44d0-9963-a1b1d4b21bde/resourceGroups/iot-rg/providers/Microsoft.Network/virtualNetworks/iot-network/subnets/iot-subnet"
              }
            ],
            "ip_forwarding_enabled": false,
            "location": "westeurope",
            "mac_address": "00-0D-3A-3A-1C-49",
            "name": "iot-nic",
            "private_ip_address": "10.0.1.4",
            "private_ip_addresses": [
              "10.0.1.4"
            ],
            "resource_group_name": "iot-rg",
            "tags": {},
            "timeouts": null,
            "virtual_machine_id": "/subscriptions/3fa7fa3e-9ba1-44d0-9963-a1b1d4b21bde/resourceGroups/iot-rg/providers/Microsoft.Compute/virtualMachines/iot-vm"
          },
          "sensitive_attributes": [],
          "identity_schema_version": 0,
          "private": "eyJlMmJmYjczMC1lY2FhLTExZTYtOGY4OC0zNDM2M2JjN2M0YzAiOnsiY3JlYXRlIjoxODAwMDAwMDAwMDAwLCJkZWxldGUiOjE4MDAwMDAwMDAwMDAsInJlYWQiOjMwMDAwMDAwMDAwMCwidXBkYXRlIjoxODAwMDAwMDAwMDAwfX0=",
          "dependencies": [
            "azurerm_public_ip.main",
            "azurerm_resource_group.main",
            "azurerm_subnet.main",
            "azurerm_virtual_network.main"
          ]
        }
      ]
    },
    {
      "mode": "managed",
      "type": "azurerm_network_interface_security_group_association",
      "name": "main",
      "provider": "provider[\"registry.terraform.io/hashicorp/azurerm\"]",
      "instances": [
        {
          "schema_version": 0,
          "attributes": {
            "id": "/subscriptions/3fa7fa3e-9ba1-44d0-9963-a1b1d4b21bde/resourceGroups/iot-rg/providers/Microsoft.Network/networkInterfaces/iot-nic|/subscriptions/3fa7fa3e-9ba1-44d0-9963-a1b1d4b21bde/resourceGroups/iot-rg/providers/Microsoft.Network/networkSecurityGroups/iot-nsg",
            "network_interface_id": "/subscriptions/3fa7fa3e-9ba1-44d0-9963-a1b1d4b21bde/resourceGroups/iot-rg/providers/Microsoft.Network/networkInterfaces/iot-nic",
            "network_security_group_id": "/subscriptions/3fa7fa3e-9ba1-44d0-9963-a1b1d4b21bde/resourceGroups/iot-rg/providers/Microsoft.Network/networkSecurityGroups/iot-nsg",
            "timeouts": null
          },
          "sensitive_attributes": [],
          "identity_schema_version": 0,
          "private": "eyJlMmJmYjczMC1lY2FhLTExZTYtOGY4OC0zNDM2M2JjN2M0YzAiOnsiY3JlYXRlIjoxODAwMDAwMDAwMDAwLCJkZWxldGUiOjE4MDAwMDAwMDAwMDAsInJlYWQiOjMwMDAwMDAwMDAwMH19",
          "dependencies": [
            "azurerm_network_interface.main",
            "azurerm_network_security_group.main",
            "azurerm_public_ip.main",
            "azurerm_resource_group.main",
            "azurerm_subnet.main",
            "azurerm_virtual_network.main"
          ]
        }
      ]
    },
    {
      "mode": "managed",
      "type": "azurerm_network_security_group",
      "name": "main",
      "provider": "provider[\"registry.terraform.io/hashicorp/azurerm\"]",
      "instances": [
        {
          "schema_version": 0,
          "attributes": {
            "id": "/subscriptions/3fa7fa3e-9ba1-44d0-9963-a1b1d4b21bde/resourceGroups/iot-rg/providers/Microsoft.Network/networkSecurityGroups/iot-nsg",
            "location": "westeurope",
            "name": "iot-nsg",
            "resource_group_name": "iot-rg",
            "security_rule": [
              {
                "access": "Allow",
                "description": "",
                "destination_address_prefix": "*",
                "destination_address_prefixes": [],
                "destination_application_security_group_ids": [],
                "destination_port_range": "22",
                "destination_port_ranges": [],
                "direction": "Inbound",
                "name": "SSH",
                "priority": 1001,
                "protocol": "Tcp",
                "source_address_prefix": "*",
                "source_address_prefixes": [],
                "source_application_security_group_ids": [],
                "source_port_range": "*",
                "source_port_ranges": []
              },
              {
                "access": "Allow",
                "description": "",
                "destination_address_prefix": "*",
                "destination_address_prefixes": [],
                "destination_application_security_group_ids": [],
                "destination_port_range": "3000",
                "destination_port_ranges": [],
                "direction": "Inbound",
                "name": "API",
                "priority": 1002,
                "protocol": "Tcp",
                "source_address_prefix": "*",
                "source_address_prefixes": [],
                "source_application_security_group_ids": [],
                "source_port_range": "*",
                "source_port_ranges": []
              }
            ],
            "tags": {},
            "timeouts": null
          },
          "sensitive_attributes": [],
          "identity_schema_version": 0,
          "private": "eyJlMmJmYjczMC1lY2FhLTExZTYtOGY4OC0zNDM2M2JjN2M0YzAiOnsiY3JlYXRlIjoxODAwMDAwMDAwMDAwLCJkZWxldGUiOjE4MDAwMDAwMDAwMDAsInJlYWQiOjMwMDAwMDAwMDAwMCwidXBkYXRlIjoxODAwMDAwMDAwMDAwfX0=",
          "dependencies": [
            "azurerm_resource_group.main"
          ]
        }
      ]
    },
    {
      "mode": "managed",
      "type": "azurerm_public_ip",
      "name": "main",
      "provider": "provider[\"registry.terraform.io/hashicorp/azurerm\"]",
      "instances": [
        {
          "schema_version": 0,
          "attributes": {
            "allocation_method": "Dynamic",
            "ddos_protection_mode": "VirtualNetworkInherited",
            "ddos_protection_plan_id": null,
            "domain_name_label": null,
            "edge_zone": "",
            "fqdn": null,
            "id": "/subscriptions/3fa7fa3e-9ba1-44d0-9963-a1b1d4b21bde/resourceGroups/iot-rg/providers/Microsoft.Network/publicIPAddresses/iot-public-ip",
            "idle_timeout_in_minutes": 4,
            "ip_address": "20.229.143.90",
            "ip_tags": {},
            "ip_version": "IPv4",
            "location": "westeurope",
            "name": "iot-public-ip",
            "public_ip_prefix_id": null,
            "resource_group_name": "iot-rg",
            "reverse_fqdn": null,
            "sku": "Basic",
            "sku_tier": "Regional",
            "tags": {},
            "timeouts": null,
            "zones": []
          },
          "sensitive_attributes": [],
          "identity_schema_version": 0,
          "private": "eyJlMmJmYjczMC1lY2FhLTExZTYtOGY4OC0zNDM2M2JjN2M0YzAiOnsiY3JlYXRlIjoxODAwMDAwMDAwMDAwLCJkZWxldGUiOjE4MDAwMDAwMDAwMDAsInJlYWQiOjMwMDAwMDAwMDAwMCwidXBkYXRlIjoxODAwMDAwMDAwMDAwfX0=",
          "dependencies": [
            "azurerm_resource_group.main"
          ]
        }
      ]
    },
    {
      "mode": "managed",
      "type": "azurerm_resource_group",
      "name": "main",
      "provider": "provider[\"registry.terraform.io/hashicorp/azurerm\"]",
      "instances": [
        {
          "schema_version": 0,
          "attributes": {
            "id": "/subscriptions/3fa7fa3e-9ba1-44d0-9963-a1b1d4b21bde/resourceGroups/iot-rg",
            "location": "westeurope",
            "managed_by": "",
            "name": "iot-rg",
            "tags": {},
            "timeouts": null
          },
          "sensitive_attributes": [],
          "identity_schema_version": 0,
          "private": "eyJlMmJmYjczMC1lY2FhLTExZTYtOGY4OC0zNDM2M2JjN2M0YzAiOnsiY3JlYXRlIjo1NDAwMDAwMDAwMDAwLCJkZWxldGUiOjU0MDAwMDAwMDAwMDAsInJlYWQiOjMwMDAwMDAwMDAwMCwidXBkYXRlIjo1NDAwMDAwMDAwMDAwfX0="
        }
      ]
    },
    {
      "mode": "managed",
      "type": "azurerm_subnet",
      "name": "main",
      "provider": "provider[\"registry.terraform.io/hashicorp/azurerm\"]",
      "instances": [
        {
          "schema_version": 0,
          "attributes": {
            "address_prefixes": [
              "10.0.1.0/24"
            ],
            "default_outbound_access_enabled": true,
            "delegation": [],
            "enforce_private_link_endpoint_network_policies": false,
            "enforce_private_link_service_network_policies": false,
            "id": "/subscriptions/3fa7fa3e-9ba1-44d0-9963-a1b1d4b21bde/resourceGroups/iot-rg/providers/Microsoft.Network/virtualNetworks/iot-network/subnets/iot-subnet",
            "name": "iot-subnet",
            "private_endpoint_network_policies": "Enabled",
            "private_endpoint_network_policies_enabled": true,
            "private_link_service_network_policies_enabled": true,
            "resource_group_name": "iot-rg",
            "service_endpoint_policy_ids": [],
            "service_endpoints": [],
            "timeouts": null,
            "virtual_network_name": "iot-network"
          },
          "sensitive_attributes": [],
          "identity_schema_version": 0,
          "private": "eyJlMmJmYjczMC1lY2FhLTExZTYtOGY4OC0zNDM2M2JjN2M0YzAiOnsiY3JlYXRlIjoxODAwMDAwMDAwMDAwLCJkZWxldGUiOjE4MDAwMDAwMDAwMDAsInJlYWQiOjMwMDAwMDAwMDAwMCwidXBkYXRlIjoxODAwMDAwMDAwMDAwfX0=",
          "dependencies": [
            "azurerm_resource_group.main",
            "azurerm_virtual_network.main"
          ]
        }
      ]
    },
    {
      "mode": "managed",
      "type": "azurerm_virtual_network",
      "name": "main",
      "provider": "provider[\"registry.terraform.io/hashicorp/azurerm\"]",
      "instances": [
        {
          "schema_version": 0,
          "attributes": {
            "address_space": [
              "10.0.0.0/16"
            ],
            "bgp_community": "",
            "ddos_protection_plan": [],
            "dns_servers": [],
            "edge_zone": "",
            "encryption": [],
            "flow_timeout_in_minutes": 0,
            "guid": "3e3f172d-4717-48bc-a741-8872262eaafe",
            "id": "/subscriptions/3fa7fa3e-9ba1-44d0-9963-a1b1d4b21bde/resourceGroups/iot-rg/providers/Microsoft.Network/virtualNetworks/iot-network",
            "location": "westeurope",
            "name": "iot-network",
            "resource_group_name": "iot-rg",
            "subnet": [
              {
                "address_prefix": "10.0.1.0/24",
                "id": "/subscriptions/3fa7fa3e-9ba1-44d0-9963-a1b1d4b21bde/resourceGroups/iot-rg/providers/Microsoft.Network/virtualNetworks/iot-network/subnets/iot-subnet",
                "name": "iot-subnet",
                "security_group": ""
              }
            ],
            "tags": {},
            "timeouts": null
          },
          "sensitive_attributes": [],
          "identity_schema_version": 0,
          "private": "eyJlMmJmYjczMC1lY2FhLTExZTYtOGY4OC0zNDM2M2JjN2M0YzAiOnsiY3JlYXRlIjoxODAwMDAwMDAwMDAwLCJkZWxldGUiOjE4MDAwMDAwMDAwMDAsInJlYWQiOjMwMDAwMDAwMDAwMCwidXBkYXRlIjoxODAwMDAwMDAwMDAwfX0=",
          "dependencies": [
            "azurerm_resource_group.main"
          ]
        }
      ]
    }
  ],
  "check_results": null
}
